
Microsoft Visual Studio Solution File, Format Version 12.00
# Visual Studio Version 17
VisualStudioVersion = 17.0.31912.275
MinimumVisualStudioVersion = 10.0.40219.1
Project("{FAE04EC0-301F-11D3-BF4B-00C04F79EFBC}") = "AndelaAssessment", "ConsoleAppPractise\AndelaAssessment.csproj", "{49653716-613D-4AEA-B8F7-BF2820E386BC}"
EndProject
Global
	GlobalSection(SolutionConfigurationPlatforms) = preSolution
		Debug|Any CPU = Debug|Any CPU
		Release|Any CPU = Release|Any CPU
	EndGlobalSection
	GlobalSection(ProjectConfigurationPlatforms) = postSolution
		{49653716-613D-4AEA-B8F7-BF2820E386BC}.Debug|Any CPU.ActiveCfg = Debug|Any CPU
		{49653716-613D-4AEA-B8F7-BF2820E386BC}.Debug|Any CPU.Build.0 = Debug|Any CPU
		{49653716-613D-4AEA-B8F7-BF2820E386BC}.Release|Any CPU.ActiveCfg = Release|Any CPU
		{49653716-613D-4AEA-B8F7-BF2820E386BC}.Release|Any CPU.Build.0 = Release|Any CPU
	EndGlobalSection
	GlobalSection(SolutionProperties) = preSolution
		HideSolutionNode = FALSE
	EndGlobalSection
	GlobalSection(ExtensibilityGlobals) = postSolution
		SolutionGuid = {58CB591C-71F2-4535-8A56-D6AEB21B68AE}
	EndGlobalSection
EndGlobal
